
Microsoft Visual Studio Solution File, Format Version 12.00
# Visual Studio Version 16
VisualStudioVersion = 16.0.30804.86
MinimumVisualStudioVersion = 10.0.40219.1
Project("{FAE04EC0-301F-11D3-BF4B-00C04F79EFBC}") = "FreeLancer", "FreeLancer\FreeLancer.csproj", "{95FFDD09-2143-41A2-82F7-34B9B0B3CA17}"
EndProject
Global
	GlobalSection(SolutionConfigurationPlatforms) = preSolution
		Debug|Any CPU = Debug|Any CPU
		Release|Any CPU = Release|Any CPU
	EndGlobalSection
	GlobalSection(ProjectConfigurationPlatforms) = postSolution
		{95FFDD09-2143-41A2-82F7-34B9B0B3CA17}.Debug|Any CPU.ActiveCfg = Debug|Any CPU
		{95FFDD09-2143-41A2-82F7-34B9B0B3CA17}.Debug|Any CPU.Build.0 = Debug|Any CPU
		{95FFDD09-2143-41A2-82F7-34B9B0B3CA17}.Release|Any CPU.ActiveCfg = Release|Any CPU
		{95FFDD09-2143-41A2-82F7-34B9B0B3CA17}.Release|Any CPU.Build.0 = Release|Any CPU
	EndGlobalSection
	GlobalSection(SolutionProperties) = preSolution
		HideSolutionNode = FALSE
	EndGlobalSection
	GlobalSection(ExtensibilityGlobals) = postSolution
		SolutionGuid = {15779410-DBD1-483C-9D36-D307DE8E63A5}
	EndGlobalSection
EndGlobal
